
Microsoft Visual Studio Solution File, Format Version 12.00
# Visual Studio 14
VisualStudioVersion = 14.0.25420.1
MinimumVisualStudioVersion = 10.0.40219.1
Project("{FAE04EC0-301F-11D3-BF4B-00C04F79EFBC}") = "Analizador de Código Python", "WindowsFormsApplication1\Analizador de Código Python.csproj", "{6D3F540B-8549-4490-A487-73CD1D6ADAAE}"
EndProject
Global
	GlobalSection(SolutionConfigurationPlatforms) = preSolution
		Debug|Any CPU = Debug|Any CPU
		Release|Any CPU = Release|Any CPU
	EndGlobalSection
	GlobalSection(ProjectConfigurationPlatforms) = postSolution
		{6D3F540B-8549-4490-A487-73CD1D6ADAAE}.Debug|Any CPU.ActiveCfg = Debug|Any CPU
		{6D3F540B-8549-4490-A487-73CD1D6ADAAE}.Debug|Any CPU.Build.0 = Debug|Any CPU
		{6D3F540B-8549-4490-A487-73CD1D6ADAAE}.Release|Any CPU.ActiveCfg = Release|Any CPU
		{6D3F540B-8549-4490-A487-73CD1D6ADAAE}.Release|Any CPU.Build.0 = Release|Any CPU
	EndGlobalSection
	GlobalSection(SolutionProperties) = preSolution
		HideSolutionNode = FALSE
	EndGlobalSection
EndGlobal
